
Microsoft Visual Studio Solution File, Format Version 12.00
# Visual Studio 15
VisualStudioVersion = 15.0.26430.13
MinimumVisualStudioVersion = 10.0.40219.1
Project("{FAE04EC0-301F-11D3-BF4B-00C04F79EFBC}") = "AVRControlFlowGraphGenerator", "AVRControlFlowGraphGenerator\AVRControlFlowGraphGenerator.csproj", "{B4D160FA-DEA0-4CE6-A4EC-26BB9D8451D0}"
EndProject
Global
	GlobalSection(SolutionConfigurationPlatforms) = preSolution
		Debug|Any CPU = Debug|Any CPU
		Release|Any CPU = Release|Any CPU
	EndGlobalSection
	GlobalSection(ProjectConfigurationPlatforms) = postSolution
		{B4D160FA-DEA0-4CE6-A4EC-26BB9D8451D0}.Debug|Any CPU.ActiveCfg = Debug|Any CPU
		{B4D160FA-DEA0-4CE6-A4EC-26BB9D8451D0}.Debug|Any CPU.Build.0 = Debug|Any CPU
		{B4D160FA-DEA0-4CE6-A4EC-26BB9D8451D0}.Release|Any CPU.ActiveCfg = Release|Any CPU
		{B4D160FA-DEA0-4CE6-A4EC-26BB9D8451D0}.Release|Any CPU.Build.0 = Release|Any CPU
	EndGlobalSection
	GlobalSection(SolutionProperties) = preSolution
		HideSolutionNode = FALSE
	EndGlobalSection
EndGlobal
